name: Generate Astro security lockfile

on:
  push:
    branches:
      - hotfix/frontend-astro-security

permissions:
  contents: read

env:
  ASTRO_TELEMETRY_DISABLED: 1
  PUBLIC_API_URL: http://localhost:3000/api

jobs:
  generate-lockfile:
    runs-on: ubuntu-latest
    steps:
      - name: Checkout hotfix branch
        uses: actions/checkout@v7

      - name: Set up Node.js
        uses: actions/setup-node@v6
        with:
          node-version: 24
          cache: npm
          cache-dependency-path: Client/package-lock.json

      - name: Update Astro security dependencies
        working-directory: Client
        run: npm install astro@^7.3.2 @astrojs/react@^6.0.5 @astrojs/check@^0.9.10 --save

      - name: Verify frontend
        working-directory: Client
        run: |
          npm run test:frontend
          npm run check
          npm run typecheck
          npm run build
          npm audit --omit=dev --audit-level=critical

      - name: Upload generated dependency files
        if: always()
        uses: actions/upload-artifact@v4
        with:
          name: astro-security-dependencies
          path: |
            Client/package.json
            Client/package-lock.json
